
Microsoft Visual Studio Solution File, Format Version 12.00
# Visual Studio Version 17
VisualStudioVersion = 17.8.34316.72
MinimumVisualStudioVersion = 10.0.40219.1
Project("{FAE04EC0-301F-11D3-BF4B-00C04F79EFBC}") = "JogoDaForca", "JogoDaForca\JogoDaForca.csproj", "{77064C91-658F-436C-A810-69003FCFB4CA}"
EndProject
Project("{FAE04EC0-301F-11D3-BF4B-00C04F79EFBC}") = "JogoDaForcaLib", "JogoDaForcaLib\JogoDaForcaLib.csproj", "{196EA60F-EB61-45C5-B76A-BB8F4ADD4AF7}"
EndProject
Global
	GlobalSection(SolutionConfigurationPlatforms) = preSolution
		Debug|Any CPU = Debug|Any CPU
		Release|Any CPU = Release|Any CPU
	EndGlobalSection
	GlobalSection(ProjectConfigurationPlatforms) = postSolution
		{77064C91-658F-436C-A810-69003FCFB4CA}.Debug|Any CPU.ActiveCfg = Debug|Any CPU
		{77064C91-658F-436C-A810-69003FCFB4CA}.Debug|Any CPU.Build.0 = Debug|Any CPU
		{77064C91-658F-436C-A810-69003FCFB4CA}.Release|Any CPU.ActiveCfg = Release|Any CPU
		{77064C91-658F-436C-A810-69003FCFB4CA}.Release|Any CPU.Build.0 = Release|Any CPU
		{196EA60F-EB61-45C5-B76A-BB8F4ADD4AF7}.Debug|Any CPU.ActiveCfg = Debug|Any CPU
		{196EA60F-EB61-45C5-B76A-BB8F4ADD4AF7}.Debug|Any CPU.Build.0 = Debug|Any CPU
		{196EA60F-EB61-45C5-B76A-BB8F4ADD4AF7}.Release|Any CPU.ActiveCfg = Release|Any CPU
		{196EA60F-EB61-45C5-B76A-BB8F4ADD4AF7}.Release|Any CPU.Build.0 = Release|Any CPU
	EndGlobalSection
	GlobalSection(SolutionProperties) = preSolution
		HideSolutionNode = FALSE
	EndGlobalSection
	GlobalSection(ExtensibilityGlobals) = postSolution
		SolutionGuid = {E069E763-A21E-455B-AB84-E053CEAD3B33}
	EndGlobalSection
EndGlobal
